// !$*UTF8*$!
{
	archiveVersion = 1;
	classes = {
	};
	objectVersion = 56;
	objects = {

/* Begin PBXBuildFile section */
		38094B982AD025960050F18D /* AppDelegate.swift in Sources */ = {isa = PBXBuildFile; fileRef = 38094B972AD025960050F18D /* AppDelegate.swift */; };
		38094B9A2AD025960050F18D /* SceneDelegate.swift in Sources */ = {isa = PBXBuildFile; fileRef = 38094B992AD025960050F18D /* SceneDelegate.swift */; };
		38094B9C2AD025960050F18D /* MainTabBarViewController.swift in Sources */ = {isa = PBXBuildFile; fileRef = 38094B9B2AD025960050F18D /* MainTabBarViewController.swift */; };
		38094BA12AD025970050F18D /* Assets.xcassets in Resources */ = {isa = PBXBuildFile; fileRef = 38094BA02AD025970050F18D /* Assets.xcassets */; };
		38094BA42AD025970050F18D /* LaunchScreen.storyboard in Resources */ = {isa = PBXBuildFile; fileRef = 38094BA22AD025970050F18D /* LaunchScreen.storyboard */; };
		38094BAE2AD029F20050F18D /* HomeViewController.swift in Sources */ = {isa = PBXBuildFile; fileRef = 38094BAD2AD029F20050F18D /* HomeViewController.swift */; };
		38094BB02AD02A210050F18D /* SearchViewController.swift in Sources */ = {isa = PBXBuildFile; fileRef = 38094BAF2AD02A210050F18D /* SearchViewController.swift */; };
		38094BB32AD02A650050F18D /* NotificationsViewController.swift in Sources */ = {isa = PBXBuildFile; fileRef = 38094BB22AD02A650050F18D /* NotificationsViewController.swift */; };
		38094BB52AD02A900050F18D /* DirectMessagesViewController.swift in Sources */ = {isa = PBXBuildFile; fileRef = 38094BB42AD02A900050F18D /* DirectMessagesViewController.swift */; };
		38094BB82AD0345B0050F18D /* TweetTableViewCell.swift in Sources */ = {isa = PBXBuildFile; fileRef = 38094BB72AD0345B0050F18D /* TweetTableViewCell.swift */; };
		3809BC962AE33E01005A9AD3 /* GoogleService-Info.plist in Resources */ = {isa = PBXBuildFile; fileRef = 3809BC952AE33E01005A9AD3 /* GoogleService-Info.plist */; };
		3809BC982AE33E2F005A9AD3 /* AuthenticationViewModel.swift in Sources */ = {isa = PBXBuildFile; fileRef = 3809BC972AE33E2F005A9AD3 /* AuthenticationViewModel.swift */; };
		3837818C2AE706F500BB6F3E /* LoginViewController.swift in Sources */ = {isa = PBXBuildFile; fileRef = 3837818B2AE706F500BB6F3E /* LoginViewController.swift */; };
		383781902AE709C300BB6F3E /* CommonFormView.swift in Sources */ = {isa = PBXBuildFile; fileRef = 3837818F2AE709C300BB6F3E /* CommonFormView.swift */; };
		3873802E2AEBF34C008604E7 /* ButtonFactory.swift in Sources */ = {isa = PBXBuildFile; fileRef = 3873802D2AEBF34C008604E7 /* ButtonFactory.swift */; };
		3887CF0E2ADB49320087BBE3 /* FirebaseAnalytics in Frameworks */ = {isa = PBXBuildFile; productRef = 3887CF0D2ADB49320087BBE3 /* FirebaseAnalytics */; };
		3887CF102ADB49320087BBE3 /* FirebaseAnalyticsOnDeviceConversion in Frameworks */ = {isa = PBXBuildFile; productRef = 3887CF0F2ADB49320087BBE3 /* FirebaseAnalyticsOnDeviceConversion */; };
		3887CF122ADB49320087BBE3 /* FirebaseAnalyticsSwift in Frameworks */ = {isa = PBXBuildFile; productRef = 3887CF112ADB49320087BBE3 /* FirebaseAnalyticsSwift */; };
		3887CF142ADB49320087BBE3 /* FirebaseAnalyticsWithoutAdIdSupport in Frameworks */ = {isa = PBXBuildFile; productRef = 3887CF132ADB49320087BBE3 /* FirebaseAnalyticsWithoutAdIdSupport */; };
		3887CF162ADB49320087BBE3 /* FirebaseAppCheck in Frameworks */ = {isa = PBXBuildFile; productRef = 3887CF152ADB49320087BBE3 /* FirebaseAppCheck */; };
		3887CF182ADB49320087BBE3 /* FirebaseAppDistribution-Beta in Frameworks */ = {isa = PBXBuildFile; productRef = 3887CF172ADB49320087BBE3 /* FirebaseAppDistribution-Beta */; };
		3887CF1A2ADB49320087BBE3 /* FirebaseAuth in Frameworks */ = {isa = PBXBuildFile; productRef = 3887CF192ADB49320087BBE3 /* FirebaseAuth */; };
		3887CF1C2ADB49320087BBE3 /* FirebaseAuthCombine-Community in Frameworks */ = {isa = PBXBuildFile; productRef = 3887CF1B2ADB49320087BBE3 /* FirebaseAuthCombine-Community */; };
		3887CF1E2ADB49320087BBE3 /* FirebaseCrashlytics in Frameworks */ = {isa = PBXBuildFile; productRef = 3887CF1D2ADB49320087BBE3 /* FirebaseCrashlytics */; };
		3887CF202ADB49320087BBE3 /* FirebaseDatabase in Frameworks */ = {isa = PBXBuildFile; productRef = 3887CF1F2ADB49320087BBE3 /* FirebaseDatabase */; };
		3887CF222ADB49320087BBE3 /* FirebaseDatabaseSwift in Frameworks */ = {isa = PBXBuildFile; productRef = 3887CF212ADB49320087BBE3 /* FirebaseDatabaseSwift */; };
		3887CF242ADB49320087BBE3 /* FirebaseDynamicLinks in Frameworks */ = {isa = PBXBuildFile; productRef = 3887CF232ADB49320087BBE3 /* FirebaseDynamicLinks */; };
		3887CF262ADB49320087BBE3 /* FirebaseFirestore in Frameworks */ = {isa = PBXBuildFile; productRef = 3887CF252ADB49320087BBE3 /* FirebaseFirestore */; };
		3887CF282ADB49320087BBE3 /* FirebaseFirestoreCombine-Community in Frameworks */ = {isa = PBXBuildFile; productRef = 3887CF272ADB49320087BBE3 /* FirebaseFirestoreCombine-Community */; };
		3887CF2A2ADB49320087BBE3 /* FirebaseFirestoreSwift in Frameworks */ = {isa = PBXBuildFile; productRef = 3887CF292ADB49320087BBE3 /* FirebaseFirestoreSwift */; };
		3887CF2C2ADB49320087BBE3 /* FirebaseFunctions in Frameworks */ = {isa = PBXBuildFile; productRef = 3887CF2B2ADB49320087BBE3 /* FirebaseFunctions */; };
		3887CF2E2ADB49320087BBE3 /* FirebaseFunctionsCombine-Community in Frameworks */ = {isa = PBXBuildFile; productRef = 3887CF2D2ADB49320087BBE3 /* FirebaseFunctionsCombine-Community */; };
		3887CF302ADB49320087BBE3 /* FirebaseInAppMessaging-Beta in Frameworks */ = {isa = PBXBuildFile; productRef = 3887CF2F2ADB49320087BBE3 /* FirebaseInAppMessaging-Beta */; };
		3887CF322ADB49320087BBE3 /* FirebaseInAppMessagingSwift-Beta in Frameworks */ = {isa = PBXBuildFile; productRef = 3887CF312ADB49320087BBE3 /* FirebaseInAppMessagingSwift-Beta */; };
		3887CF342ADB49320087BBE3 /* FirebaseInstallations in Frameworks */ = {isa = PBXBuildFile; productRef = 3887CF332ADB49320087BBE3 /* FirebaseInstallations */; };
		3887CF362ADB49320087BBE3 /* FirebaseMLModelDownloader in Frameworks */ = {isa = PBXBuildFile; productRef = 3887CF352ADB49320087BBE3 /* FirebaseMLModelDownloader */; };
		3887CF382ADB49320087BBE3 /* FirebaseMessaging in Frameworks */ = {isa = PBXBuildFile; productRef = 3887CF372ADB49320087BBE3 /* FirebaseMessaging */; };
		3887CF3A2ADB49320087BBE3 /* FirebasePerformance in Frameworks */ = {isa = PBXBuildFile; productRef = 3887CF392ADB49320087BBE3 /* FirebasePerformance */; };
		3887CF3C2ADB49320087BBE3 /* FirebaseRemoteConfig in Frameworks */ = {isa = PBXBuildFile; productRef = 3887CF3B2ADB49320087BBE3 /* FirebaseRemoteConfig */; };
		3887CF3E2ADB49320087BBE3 /* FirebaseRemoteConfigSwift in Frameworks */ = {isa = PBXBuildFile; productRef = 3887CF3D2ADB49320087BBE3 /* FirebaseRemoteConfigSwift */; };
		3887CF402ADB49320087BBE3 /* FirebaseStorage in Frameworks */ = {isa = PBXBuildFile; productRef = 3887CF3F2ADB49320087BBE3 /* FirebaseStorage */; };
		3887CF422ADB49320087BBE3 /* FirebaseStorageCombine-Community in Frameworks */ = {isa = PBXBuildFile; productRef = 3887CF412ADB49320087BBE3 /* FirebaseStorageCombine-Community */; };
		3887CF452ADB4AF60087BBE3 /* OnboardingViewController.swift in Sources */ = {isa = PBXBuildFile; fileRef = 3887CF442ADB4AF60087BBE3 /* OnboardingViewController.swift */; };
		38B204872AD589EC00C902BE /* ProfileViewController.swift in Sources */ = {isa = PBXBuildFile; fileRef = 38B204862AD589EC00C902BE /* ProfileViewController.swift */; };
		38B204892AD5965B00C902BE /* ProfileTableViewHeader.swift in Sources */ = {isa = PBXBuildFile; fileRef = 38B204882AD5965B00C902BE /* ProfileTableViewHeader.swift */; };
		38E6F6FF2ADD7099005DAE33 /* RegisterViewController.swift in Sources */ = {isa = PBXBuildFile; fileRef = 38E6F6FE2ADD7099005DAE33 /* RegisterViewController.swift */; };
		38EC801C2AE321E300E5D1F9 /* UserAuth.swift in Sources */ = {isa = PBXBuildFile; fileRef = 38EC801B2AE321E300E5D1F9 /* UserAuth.swift */; };
		38F7EFB72AD5DB2000B0FB73 /* ProfileCustomUIView.swift in Sources */ = {isa = PBXBuildFile; fileRef = 38F7EFB62AD5DB2000B0FB73 /* ProfileCustomUIView.swift */; };
		38F958DE2AE7E3B90074544E /* TwitterUser.swift in Sources */ = {isa = PBXBuildFile; fileRef = 38F958DD2AE7E3B90074544E /* TwitterUser.swift */; };
		38F958E02AE7E5600074544E /* DatabaseManager.swift in Sources */ = {isa = PBXBuildFile; fileRef = 38F958DF2AE7E5600074544E /* DatabaseManager.swift */; };
		38F958E22AE7EF8F0074544E /* HomeViewModel.swift in Sources */ = {isa = PBXBuildFile; fileRef = 38F958E12AE7EF8F0074544E /* HomeViewModel.swift */; };
		38F958E42AE7F82D0074544E /* ProfileDataFormViewController.swift in Sources */ = {isa = PBXBuildFile; fileRef = 38F958E32AE7F82D0074544E /* ProfileDataFormViewController.swift */; };
		38F958E62AE7F9A00074544E /* ProfileDataFormViewModel.swift in Sources */ = {isa = PBXBuildFile; fileRef = 38F958E52AE7F9A00074544E /* ProfileDataFormViewModel.swift */; };
/* End PBXBuildFile section */

/* Begin PBXFileReference section */
		38094B942AD025960050F18D /* TwitterClone.app */ = {isa = PBXFileReference; explicitFileType = wrapper.application; includeInIndex = 0; path = TwitterClone.app; sourceTree = BUILT_PRODUCTS_DIR; };
		38094B972AD025960050F18D /* AppDelegate.swift */ = {isa = PBXFileReference; lastKnownFileType = sourcecode.swift; path = AppDelegate.swift; sourceTree = "<group>"; };
		38094B992AD025960050F18D /* SceneDelegate.swift */ = {isa = PBXFileReference; lastKnownFileType = sourcecode.swift; path = SceneDelegate.swift; sourceTree = "<group>"; };
		38094B9B2AD025960050F18D /* MainTabBarViewController.swift */ = {isa = PBXFileReference; lastKnownFileType = sourcecode.swift; path = MainTabBarViewController.swift; sourceTree = "<group>"; };
		38094BA02AD025970050F18D /* Assets.xcassets */ = {isa = PBXFileReference; lastKnownFileType = folder.assetcatalog; path = Assets.xcassets; sourceTree = "<group>"; };
		38094BA32AD025970050F18D /* Base */ = {isa = PBXFileReference; lastKnownFileType = file.storyboard; name = Base; path = Base.lproj/LaunchScreen.storyboard; sourceTree = "<group>"; };
		38094BA52AD025970050F18D /* Info.plist */ = {isa = PBXFileReference; lastKnownFileType = text.plist.xml; path = Info.plist; sourceTree = "<group>"; };
		38094BAD2AD029F20050F18D /* HomeViewController.swift */ = {isa = PBXFileReference; lastKnownFileType = sourcecode.swift; path = HomeViewController.swift; sourceTree = "<group>"; };
		38094BAF2AD02A210050F18D /* SearchViewController.swift */ = {isa = PBXFileReference; lastKnownFileType = sourcecode.swift; path = SearchViewController.swift; sourceTree = "<group>"; };
		38094BB22AD02A650050F18D /* NotificationsViewController.swift */ = {isa = PBXFileReference; lastKnownFileType = sourcecode.swift; path = NotificationsViewController.swift; sourceTree = "<group>"; };
		38094BB42AD02A900050F18D /* DirectMessagesViewController.swift */ = {isa = PBXFileReference; lastKnownFileType = sourcecode.swift; path = DirectMessagesViewController.swift; sourceTree = "<group>"; };
		38094BB72AD0345B0050F18D /* TweetTableViewCell.swift */ = {isa = PBXFileReference; lastKnownFileType = sourcecode.swift; path = TweetTableViewCell.swift; sourceTree = "<group>"; };
		3809BC952AE33E01005A9AD3 /* GoogleService-Info.plist */ = {isa = PBXFileReference; fileEncoding = 4; lastKnownFileType = text.plist.xml; name = "GoogleService-Info.plist"; path = "../../Downloads/GoogleService-Info.plist"; sourceTree = "<group>"; };
		3809BC972AE33E2F005A9AD3 /* AuthenticationViewModel.swift */ = {isa = PBXFileReference; lastKnownFileType = sourcecode.swift; path = AuthenticationViewModel.swift; sourceTree = "<group>"; };
		3837818B2AE706F500BB6F3E /* LoginViewController.swift */ = {isa = PBXFileReference; lastKnownFileType = sourcecode.swift; path = LoginViewController.swift; sourceTree = "<group>"; };
		3837818F2AE709C300BB6F3E /* CommonFormView.swift */ = {isa = PBXFileReference; lastKnownFileType = sourcecode.swift; path = CommonFormView.swift; sourceTree = "<group>"; };
		3873802D2AEBF34C008604E7 /* ButtonFactory.swift */ = {isa = PBXFileReference; lastKnownFileType = sourcecode.swift; path = ButtonFactory.swift; sourceTree = "<group>"; };
		3887CF442ADB4AF60087BBE3 /* OnboardingViewController.swift */ = {isa = PBXFileReference; lastKnownFileType = sourcecode.swift; path = OnboardingViewController.swift; sourceTree = "<group>"; };
		38B204862AD589EC00C902BE /* ProfileViewController.swift */ = {isa = PBXFileReference; lastKnownFileType = sourcecode.swift; path = ProfileViewController.swift; sourceTree = "<group>"; };
		38B204882AD5965B00C902BE /* ProfileTableViewHeader.swift */ = {isa = PBXFileReference; lastKnownFileType = sourcecode.swift; path = ProfileTableViewHeader.swift; sourceTree = "<group>"; };
		38E6F6FE2ADD7099005DAE33 /* RegisterViewController.swift */ = {isa = PBXFileReference; lastKnownFileType = sourcecode.swift; path = RegisterViewController.swift; sourceTree = "<group>"; };
		38EC801B2AE321E300E5D1F9 /* UserAuth.swift */ = {isa = PBXFileReference; lastKnownFileType = sourcecode.swift; path = UserAuth.swift; sourceTree = "<group>"; };
		38F7EFB62AD5DB2000B0FB73 /* ProfileCustomUIView.swift */ = {isa = PBXFileReference; lastKnownFileType = sourcecode.swift; path = ProfileCustomUIView.swift; sourceTree = "<group>"; };
		38F958DD2AE7E3B90074544E /* TwitterUser.swift */ = {isa = PBXFileReference; lastKnownFileType = sourcecode.swift; path = TwitterUser.swift; sourceTree = "<group>"; };
		38F958DF2AE7E5600074544E /* DatabaseManager.swift */ = {isa = PBXFileReference; lastKnownFileType = sourcecode.swift; path = DatabaseManager.swift; sourceTree = "<group>"; };
		38F958E12AE7EF8F0074544E /* HomeViewModel.swift */ = {isa = PBXFileReference; lastKnownFileType = sourcecode.swift; path = HomeViewModel.swift; sourceTree = "<group>"; };
		38F958E32AE7F82D0074544E /* ProfileDataFormViewController.swift */ = {isa = PBXFileReference; lastKnownFileType = sourcecode.swift; path = ProfileDataFormViewController.swift; sourceTree = "<group>"; };
		38F958E52AE7F9A00074544E /* ProfileDataFormViewModel.swift */ = {isa = PBXFileReference; lastKnownFileType = sourcecode.swift; path = ProfileDataFormViewModel.swift; sourceTree = "<group>"; };
/* End PBXFileReference section */

/* Begin PBXFrameworksBuildPhase section */
		38094B912AD025960050F18D /* Frameworks */ = {
			isa = PBXFrameworksBuildPhase;
			buildActionMask = 2147483647;
			files = (
				3887CF202ADB49320087BBE3 /* FirebaseDatabase in Frameworks */,
				3887CF2E2ADB49320087BBE3 /* FirebaseFunctionsCombine-Community in Frameworks */,
				3887CF262ADB49320087BBE3 /* FirebaseFirestore in Frameworks */,
				3887CF122ADB49320087BBE3 /* FirebaseAnalyticsSwift in Frameworks */,
				3887CF0E2ADB49320087BBE3 /* FirebaseAnalytics in Frameworks */,
				3887CF102ADB49320087BBE3 /* FirebaseAnalyticsOnDeviceConversion in Frameworks */,
				3887CF362ADB49320087BBE3 /* FirebaseMLModelDownloader in Frameworks */,
				3887CF2A2ADB49320087BBE3 /* FirebaseFirestoreSwift in Frameworks */,
				3887CF162ADB49320087BBE3 /* FirebaseAppCheck in Frameworks */,
				3887CF142ADB49320087BBE3 /* FirebaseAnalyticsWithoutAdIdSupport in Frameworks */,
				3887CF1A2ADB49320087BBE3 /* FirebaseAuth in Frameworks */,
				3887CF1E2ADB49320087BBE3 /* FirebaseCrashlytics in Frameworks */,
				3887CF3E2ADB49320087BBE3 /* FirebaseRemoteConfigSwift in Frameworks */,
				3887CF302ADB49320087BBE3 /* FirebaseInAppMessaging-Beta in Frameworks */,
				3887CF222ADB49320087BBE3 /* FirebaseDatabaseSwift in Frameworks */,
				3887CF2C2ADB49320087BBE3 /* FirebaseFunctions in Frameworks */,
				3887CF422ADB49320087BBE3 /* FirebaseStorageCombine-Community in Frameworks */,
				3887CF3C2ADB49320087BBE3 /* FirebaseRemoteConfig in Frameworks */,
				3887CF182ADB49320087BBE3 /* FirebaseAppDistribution-Beta in Frameworks */,
				3887CF1C2ADB49320087BBE3 /* FirebaseAuthCombine-Community in Frameworks */,
				3887CF3A2ADB49320087BBE3 /* FirebasePerformance in Frameworks */,
				3887CF322ADB49320087BBE3 /* FirebaseInAppMessagingSwift-Beta in Frameworks */,
				3887CF402ADB49320087BBE3 /* FirebaseStorage in Frameworks */,
				3887CF242ADB49320087BBE3 /* FirebaseDynamicLinks in Frameworks */,
				3887CF282ADB49320087BBE3 /* FirebaseFirestoreCombine-Community in Frameworks */,
				3887CF382ADB49320087BBE3 /* FirebaseMessaging in Frameworks */,
				3887CF342ADB49320087BBE3 /* FirebaseInstallations in Frameworks */,
			);
			runOnlyForDeploymentPostprocessing = 0;
		};
/* End PBXFrameworksBuildPhase section */

/* Begin PBXGroup section */
		38094B8B2AD025950050F18D = {
			isa = PBXGroup;
			children = (
				38094B962AD025960050F18D /* TwitterClone */,
				38094B952AD025960050F18D /* Products */,
			);
			sourceTree = "<group>";
		};
		38094B952AD025960050F18D /* Products */ = {
			isa = PBXGroup;
			children = (
				38094B942AD025960050F18D /* TwitterClone.app */,
			);
			name = Products;
			sourceTree = "<group>";
		};
		38094B962AD025960050F18D /* TwitterClone */ = {
			isa = PBXGroup;
			children = (
				38F958DC2AE7E3710074544E /* Models */,
				38EC801A2AE321BA00E5D1F9 /* Networking */,
				389FDF902AE2BA1800862897 /* ViewModels */,
				38094BB62AD034260050F18D /* Views */,
				38094BAB2AD028530050F18D /* Controllers */,
				38094B972AD025960050F18D /* AppDelegate.swift */,
				38094B992AD025960050F18D /* SceneDelegate.swift */,
				38094BA02AD025970050F18D /* Assets.xcassets */,
				38094BA22AD025970050F18D /* LaunchScreen.storyboard */,
				38094BA52AD025970050F18D /* Info.plist */,
				3809BC952AE33E01005A9AD3 /* GoogleService-Info.plist */,
				3837818F2AE709C300BB6F3E /* CommonFormView.swift */,
				3873802D2AEBF34C008604E7 /* ButtonFactory.swift */,
			);
			path = TwitterClone;
			sourceTree = "<group>";
		};
		38094BAB2AD028530050F18D /* Controllers */ = {
			isa = PBXGroup;
			children = (
				3887CF432ADB4AAB0087BBE3 /* Onboarding */,
				38B204852AD589C300C902BE /* General */,
				38094BAC2AD029470050F18D /* Core */,
			);
			path = Controllers;
			sourceTree = "<group>";
		};
		38094BAC2AD029470050F18D /* Core */ = {
			isa = PBXGroup;
			children = (
				38094B9B2AD025960050F18D /* MainTabBarViewController.swift */,
				38094BAD2AD029F20050F18D /* HomeViewController.swift */,
				38094BAF2AD02A210050F18D /* SearchViewController.swift */,
				38094BB22AD02A650050F18D /* NotificationsViewController.swift */,
				38094BB42AD02A900050F18D /* DirectMessagesViewController.swift */,
			);
			path = Core;
			sourceTree = "<group>";
		};
		38094BB62AD034260050F18D /* Views */ = {
			isa = PBXGroup;
			children = (
				38094BB72AD0345B0050F18D /* TweetTableViewCell.swift */,
				38B204882AD5965B00C902BE /* ProfileTableViewHeader.swift */,
				38F7EFB62AD5DB2000B0FB73 /* ProfileCustomUIView.swift */,
			);
			path = Views;
			sourceTree = "<group>";
		};
		3887CF432ADB4AAB0087BBE3 /* Onboarding */ = {
			isa = PBXGroup;
			children = (
				3887CF442ADB4AF60087BBE3 /* OnboardingViewController.swift */,
				38E6F6FE2ADD7099005DAE33 /* RegisterViewController.swift */,
				3837818B2AE706F500BB6F3E /* LoginViewController.swift */,
			);
			path = Onboarding;
			sourceTree = "<group>";
		};
		389FDF902AE2BA1800862897 /* ViewModels */ = {
			isa = PBXGroup;
			children = (
				3809BC972AE33E2F005A9AD3 /* AuthenticationViewModel.swift */,
				38F958E12AE7EF8F0074544E /* HomeViewModel.swift */,
				38F958E52AE7F9A00074544E /* ProfileDataFormViewModel.swift */,
			);
			path = ViewModels;
			sourceTree = "<group>";
		};
		38B204852AD589C300C902BE /* General */ = {
			isa = PBXGroup;
			children = (
				38B204862AD589EC00C902BE /* ProfileViewController.swift */,
				38F958E32AE7F82D0074544E /* ProfileDataFormViewController.swift */,
			);
			path = General;
			sourceTree = "<group>";
		};
		38EC801A2AE321BA00E5D1F9 /* Networking */ = {
			isa = PBXGroup;
			children = (
				38EC801B2AE321E300E5D1F9 /* UserAuth.swift */,
				38F958DF2AE7E5600074544E /* DatabaseManager.swift */,
			);
			path = Networking;
			sourceTree = "<group>";
		};
		38F958DC2AE7E3710074544E /* Models */ = {
			isa = PBXGroup;
			children = (
				38F958DD2AE7E3B90074544E /* TwitterUser.swift */,
			);
			path = Models;
			sourceTree = "<group>";
		};
/* End PBXGroup section */

/* Begin PBXNativeTarget section */
		38094B932AD025960050F18D /* TwitterClone */ = {
			isa = PBXNativeTarget;
			buildConfigurationList = 38094BA82AD025970050F18D /* Build configuration list for PBXNativeTarget "TwitterClone" */;
			buildPhases = (
				38094B902AD025960050F18D /* Sources */,
				38094B912AD025960050F18D /* Frameworks */,
				38094B922AD025960050F18D /* Resources */,
			);
			buildRules = (
			);
			dependencies = (
			);
			name = TwitterClone;
			packageProductDependencies = (
				3887CF0D2ADB49320087BBE3 /* FirebaseAnalytics */,
				3887CF0F2ADB49320087BBE3 /* FirebaseAnalyticsOnDeviceConversion */,
				3887CF112ADB49320087BBE3 /* FirebaseAnalyticsSwift */,
				3887CF132ADB49320087BBE3 /* FirebaseAnalyticsWithoutAdIdSupport */,
				3887CF152ADB49320087BBE3 /* FirebaseAppCheck */,
				3887CF172ADB49320087BBE3 /* FirebaseAppDistribution-Beta */,
				3887CF192ADB49320087BBE3 /* FirebaseAuth */,
				3887CF1B2ADB49320087BBE3 /* FirebaseAuthCombine-Community */,
				3887CF1D2ADB49320087BBE3 /* FirebaseCrashlytics */,
				3887CF1F2ADB49320087BBE3 /* FirebaseDatabase */,
				3887CF212ADB49320087BBE3 /* FirebaseDatabaseSwift */,
				3887CF232ADB49320087BBE3 /* FirebaseDynamicLinks */,
				3887CF252ADB49320087BBE3 /* FirebaseFirestore */,
				3887CF272ADB49320087BBE3 /* FirebaseFirestoreCombine-Community */,
				3887CF292ADB49320087BBE3 /* FirebaseFirestoreSwift */,
				3887CF2B2ADB49320087BBE3 /* FirebaseFunctions */,
				3887CF2D2ADB49320087BBE3 /* FirebaseFunctionsCombine-Community */,
				3887CF2F2ADB49320087BBE3 /* FirebaseInAppMessaging-Beta */,
				3887CF312ADB49320087BBE3 /* FirebaseInAppMessagingSwift-Beta */,
				3887CF332ADB49320087BBE3 /* FirebaseInstallations */,
				3887CF352ADB49320087BBE3 /* FirebaseMLModelDownloader */,
				3887CF372ADB49320087BBE3 /* FirebaseMessaging */,
				3887CF392ADB49320087BBE3 /* FirebasePerformance */,
				3887CF3B2ADB49320087BBE3 /* FirebaseRemoteConfig */,
				3887CF3D2ADB49320087BBE3 /* FirebaseRemoteConfigSwift */,
				3887CF3F2ADB49320087BBE3 /* FirebaseStorage */,
				3887CF412ADB49320087BBE3 /* FirebaseStorageCombine-Community */,
			);
			productName = TwitterClone;
			productReference = 38094B942AD025960050F18D /* TwitterClone.app */;
			productType = "com.apple.product-type.application";
		};
/* End PBXNativeTarget section */

/* Begin PBXProject section */
		38094B8C2AD025950050F18D /* Project object */ = {
			isa = PBXProject;
			attributes = {
				BuildIndependentTargetsInParallel = 1;
				LastSwiftUpdateCheck = 1500;
				LastUpgradeCheck = 1500;
				TargetAttributes = {
					38094B932AD025960050F18D = {
						CreatedOnToolsVersion = 15.0;
					};
				};
			};
			buildConfigurationList = 38094B8F2AD025950050F18D /* Build configuration list for PBXProject "TwitterClone" */;
			compatibilityVersion = "Xcode 14.0";
			developmentRegion = en;
			hasScannedForEncodings = 0;
			knownRegions = (
				en,
				Base,
			);
			mainGroup = 38094B8B2AD025950050F18D;
			packageReferences = (
				3887CF0C2ADB49320087BBE3 /* XCRemoteSwiftPackageReference "firebase-ios-sdk" */,
			);
			productRefGroup = 38094B952AD025960050F18D /* Products */;
			projectDirPath = "";
			projectRoot = "";
			targets = (
				38094B932AD025960050F18D /* TwitterClone */,
			);
		};
/* End PBXProject section */

/* Begin PBXResourcesBuildPhase section */
		38094B922AD025960050F18D /* Resources */ = {
			isa = PBXResourcesBuildPhase;
			buildActionMask = 2147483647;
			files = (
				38094BA42AD025970050F18D /* LaunchScreen.storyboard in Resources */,
				3809BC962AE33E01005A9AD3 /* GoogleService-Info.plist in Resources */,
				38094BA12AD025970050F18D /* Assets.xcassets in Resources */,
			);
			runOnlyForDeploymentPostprocessing = 0;
		};
/* End PBXResourcesBuildPhase section */

/* Begin PBXSourcesBuildPhase section */
		38094B902AD025960050F18D /* Sources */ = {
			isa = PBXSourcesBuildPhase;
			buildActionMask = 2147483647;
			files = (
				38094BB02AD02A210050F18D /* SearchViewController.swift in Sources */,
				3809BC982AE33E2F005A9AD3 /* AuthenticationViewModel.swift in Sources */,
				38094B9C2AD025960050F18D /* MainTabBarViewController.swift in Sources */,
				3873802E2AEBF34C008604E7 /* ButtonFactory.swift in Sources */,
				38F958E22AE7EF8F0074544E /* HomeViewModel.swift in Sources */,
				38094B982AD025960050F18D /* AppDelegate.swift in Sources */,
				38094BB32AD02A650050F18D /* NotificationsViewController.swift in Sources */,
				38EC801C2AE321E300E5D1F9 /* UserAuth.swift in Sources */,
				38094B9A2AD025960050F18D /* SceneDelegate.swift in Sources */,
				38094BAE2AD029F20050F18D /* HomeViewController.swift in Sources */,
				38F958E42AE7F82D0074544E /* ProfileDataFormViewController.swift in Sources */,
				38F958DE2AE7E3B90074544E /* TwitterUser.swift in Sources */,
				38B204872AD589EC00C902BE /* ProfileViewController.swift in Sources */,
				3887CF452ADB4AF60087BBE3 /* OnboardingViewController.swift in Sources */,
				38094BB52AD02A900050F18D /* DirectMessagesViewController.swift in Sources */,
				38B204892AD5965B00C902BE /* ProfileTableViewHeader.swift in Sources */,
				383781902AE709C300BB6F3E /* CommonFormView.swift in Sources */,
				38F958E62AE7F9A00074544E /* ProfileDataFormViewModel.swift in Sources */,
				38F958E02AE7E5600074544E /* DatabaseManager.swift in Sources */,
				3837818C2AE706F500BB6F3E /* LoginViewController.swift in Sources */,
				38E6F6FF2ADD7099005DAE33 /* RegisterViewController.swift in Sources */,
				38F7EFB72AD5DB2000B0FB73 /* ProfileCustomUIView.swift in Sources */,
				38094BB82AD0345B0050F18D /* TweetTableViewCell.swift in Sources */,
			);
			runOnlyForDeploymentPostprocessing = 0;
		};
/* End PBXSourcesBuildPhase section */

/* Begin PBXVariantGroup section */
		38094BA22AD025970050F18D /* LaunchScreen.storyboard */ = {
			isa = PBXVariantGroup;
			children = (
				38094BA32AD025970050F18D /* Base */,
			);
			name = LaunchScreen.storyboard;
			sourceTree = "<group>";
		};
/* End PBXVariantGroup section */

/* Begin XCBuildConfiguration section */
		38094BA62AD025970050F18D /* Debug */ = {
			isa = XCBuildConfiguration;
			buildSettings = {
				ALWAYS_SEARCH_USER_PATHS = NO;
				ASSETCATALOG_COMPILER_GENERATE_SWIFT_ASSET_SYMBOL_EXTENSIONS = YES;
				CLANG_ANALYZER_NONNULL = YES;
				CLANG_ANALYZER_NUMBER_OBJECT_CONVERSION = YES_AGGRESSIVE;
				CLANG_CXX_LANGUAGE_STANDARD = "gnu++20";
				CLANG_ENABLE_MODULES = YES;
				CLANG_ENABLE_OBJC_ARC = YES;
				CLANG_ENABLE_OBJC_WEAK = YES;
				CLANG_WARN_BLOCK_CAPTURE_AUTORELEASING = YES;
				CLANG_WARN_BOOL_CONVERSION = YES;
				CLANG_WARN_COMMA = YES;
				CLANG_WARN_CONSTANT_CONVERSION = YES;
				CLANG_WARN_DEPRECATED_OBJC_IMPLEMENTATIONS = YES;
				CLANG_WARN_DIRECT_OBJC_ISA_USAGE = YES_ERROR;
				CLANG_WARN_DOCUMENTATION_COMMENTS = YES;
				CLANG_WARN_EMPTY_BODY = YES;
				CLANG_WARN_ENUM_CONVERSION = YES;
				CLANG_WARN_INFINITE_RECURSION = YES;
				CLANG_WARN_INT_CONVERSION = YES;
				CLANG_WARN_NON_LITERAL_NULL_CONVERSION = YES;
				CLANG_WARN_OBJC_IMPLICIT_RETAIN_SELF = YES;
				CLANG_WARN_OBJC_LITERAL_CONVERSION = YES;
				CLANG_WARN_OBJC_ROOT_CLASS = YES_ERROR;
				CLANG_WARN_QUOTED_INCLUDE_IN_FRAMEWORK_HEADER = YES;
				CLANG_WARN_RANGE_LOOP_ANALYSIS = YES;
				CLANG_WARN_STRICT_PROTOTYPES = YES;
				CLANG_WARN_SUSPICIOUS_MOVE = YES;
				CLANG_WARN_UNGUARDED_AVAILABILITY = YES_AGGRESSIVE;
				CLANG_WARN_UNREACHABLE_CODE = YES;
				CLANG_WARN__DUPLICATE_METHOD_MATCH = YES;
				COPY_PHASE_STRIP = NO;
				DEBUG_INFORMATION_FORMAT = dwarf;
				ENABLE_STRICT_OBJC_MSGSEND = YES;
				ENABLE_TESTABILITY = YES;
				ENABLE_USER_SCRIPT_SANDBOXING = YES;
				GCC_C_LANGUAGE_STANDARD = gnu17;
				GCC_DYNAMIC_NO_PIC = NO;
				GCC_NO_COMMON_BLOCKS = YES;
				GCC_OPTIMIZATION_LEVEL = 0;
				GCC_PREPROCESSOR_DEFINITIONS = (
					"DEBUG=1",
					"$(inherited)",
				);
				GCC_WARN_64_TO_32_BIT_CONVERSION = YES;
				GCC_WARN_ABOUT_RETURN_TYPE = YES_ERROR;
				GCC_WARN_UNDECLARED_SELECTOR = YES;
				GCC_WARN_UNINITIALIZED_AUTOS = YES_AGGRESSIVE;
				GCC_WARN_UNUSED_FUNCTION = YES;
				GCC_WARN_UNUSED_VARIABLE = YES;
				IPHONEOS_DEPLOYMENT_TARGET = 17.0;
				LOCALIZATION_PREFERS_STRING_CATALOGS = YES;
				MTL_ENABLE_DEBUG_INFO = INCLUDE_SOURCE;
				MTL_FAST_MATH = YES;
				ONLY_ACTIVE_ARCH = YES;
				SDKROOT = iphoneos;
				SWIFT_ACTIVE_COMPILATION_CONDITIONS = "DEBUG $(inherited)";
				SWIFT_OPTIMIZATION_LEVEL = "-Onone";
			};
			name = Debug;
		};
		38094BA72AD025970050F18D /* Release */ = {
			isa = XCBuildConfiguration;
			buildSettings = {
				ALWAYS_SEARCH_USER_PATHS = NO;
				ASSETCATALOG_COMPILER_GENERATE_SWIFT_ASSET_SYMBOL_EXTENSIONS = YES;
				CLANG_ANALYZER_NONNULL = YES;
				CLANG_ANALYZER_NUMBER_OBJECT_CONVERSION = YES_AGGRESSIVE;
				CLANG_CXX_LANGUAGE_STANDARD = "gnu++20";
				CLANG_ENABLE_MODULES = YES;
				CLANG_ENABLE_OBJC_ARC = YES;
				CLANG_ENABLE_OBJC_WEAK = YES;
				CLANG_WARN_BLOCK_CAPTURE_AUTORELEASING = YES;
				CLANG_WARN_BOOL_CONVERSION = YES;
				CLANG_WARN_COMMA = YES;
				CLANG_WARN_CONSTANT_CONVERSION = YES;
				CLANG_WARN_DEPRECATED_OBJC_IMPLEMENTATIONS = YES;
				CLANG_WARN_DIRECT_OBJC_ISA_USAGE = YES_ERROR;
				CLANG_WARN_DOCUMENTATION_COMMENTS = YES;
				CLANG_WARN_EMPTY_BODY = YES;
				CLANG_WARN_ENUM_CONVERSION = YES;
				CLANG_WARN_INFINITE_RECURSION = YES;
				CLANG_WARN_INT_CONVERSION = YES;
				CLANG_WARN_NON_LITERAL_NULL_CONVERSION = YES;
				CLANG_WARN_OBJC_IMPLICIT_RETAIN_SELF = YES;
				CLANG_WARN_OBJC_LITERAL_CONVERSION = YES;
				CLANG_WARN_OBJC_ROOT_CLASS = YES_ERROR;
				CLANG_WARN_QUOTED_INCLUDE_IN_FRAMEWORK_HEADER = YES;
				CLANG_WARN_RANGE_LOOP_ANALYSIS = YES;
				CLANG_WARN_STRICT_PROTOTYPES = YES;
				CLANG_WARN_SUSPICIOUS_MOVE = YES;
				CLANG_WARN_UNGUARDED_AVAILABILITY = YES_AGGRESSIVE;
				CLANG_WARN_UNREACHABLE_CODE = YES;
				CLANG_WARN__DUPLICATE_METHOD_MATCH = YES;
				COPY_PHASE_STRIP = NO;
				DEBUG_INFORMATION_FORMAT = "dwarf-with-dsym";
				ENABLE_NS_ASSERTIONS = NO;
				ENABLE_STRICT_OBJC_MSGSEND = YES;
				ENABLE_USER_SCRIPT_SANDBOXING = YES;
				GCC_C_LANGUAGE_STANDARD = gnu17;
				GCC_NO_COMMON_BLOCKS = YES;
				GCC_WARN_64_TO_32_BIT_CONVERSION = YES;
				GCC_WARN_ABOUT_RETURN_TYPE = YES_ERROR;
				GCC_WARN_UNDECLARED_SELECTOR = YES;
				GCC_WARN_UNINITIALIZED_AUTOS = YES_AGGRESSIVE;
				GCC_WARN_UNUSED_FUNCTION = YES;
				GCC_WARN_UNUSED_VARIABLE = YES;
				IPHONEOS_DEPLOYMENT_TARGET = 17.0;
				LOCALIZATION_PREFERS_STRING_CATALOGS = YES;
				MTL_ENABLE_DEBUG_INFO = NO;
				MTL_FAST_MATH = YES;
				SDKROOT = iphoneos;
				SWIFT_COMPILATION_MODE = wholemodule;
				VALIDATE_PRODUCT = YES;
			};
			name = Release;
		};
		38094BA92AD025970050F18D /* Debug */ = {
			isa = XCBuildConfiguration;
			buildSettings = {
				ASSETCATALOG_COMPILER_APPICON_NAME = AppIcon;
				ASSETCATALOG_COMPILER_GLOBAL_ACCENT_COLOR_NAME = AccentColor;
				CODE_SIGN_STYLE = Automatic;
				CURRENT_PROJECT_VERSION = 1;
				GENERATE_INFOPLIST_FILE = YES;
				INFOPLIST_FILE = TwitterClone/Info.plist;
				INFOPLIST_KEY_UIApplicationSupportsIndirectInputEvents = YES;
				INFOPLIST_KEY_UILaunchStoryboardName = LaunchScreen;
				INFOPLIST_KEY_UISupportedInterfaceOrientations_iPad = "UIInterfaceOrientationPortrait UIInterfaceOrientationPortraitUpsideDown UIInterfaceOrientationLandscapeLeft UIInterfaceOrientationLandscapeRight";
				INFOPLIST_KEY_UISupportedInterfaceOrientations_iPhone = "UIInterfaceOrientationPortrait UIInterfaceOrientationLandscapeLeft UIInterfaceOrientationLandscapeRight";
				LD_RUNPATH_SEARCH_PATHS = (
					"$(inherited)",
					"@executable_path/Frameworks",
				);
				MARKETING_VERSION = 1.0;
				PRODUCT_BUNDLE_IDENTIFIER = Vosik.TwitterClone;
				PRODUCT_NAME = "$(TARGET_NAME)";
				SWIFT_EMIT_LOC_STRINGS = YES;
				SWIFT_VERSION = 5.0;
				TARGETED_DEVICE_FAMILY = "1,2";
			};
			name = Debug;
		};
		38094BAA2AD025970050F18D /* Release */ = {
			isa = XCBuildConfiguration;
			buildSettings = {
				ASSETCATALOG_COMPILER_APPICON_NAME = AppIcon;
				ASSETCATALOG_COMPILER_GLOBAL_ACCENT_COLOR_NAME = AccentColor;
				CODE_SIGN_STYLE = Automatic;
				CURRENT_PROJECT_VERSION = 1;
				GENERATE_INFOPLIST_FILE = YES;
				INFOPLIST_FILE = TwitterClone/Info.plist;
				INFOPLIST_KEY_UIApplicationSupportsIndirectInputEvents = YES;
				INFOPLIST_KEY_UILaunchStoryboardName = LaunchScreen;
				INFOPLIST_KEY_UISupportedInterfaceOrientations_iPad = "UIInterfaceOrientationPortrait UIInterfaceOrientationPortraitUpsideDown UIInterfaceOrientationLandscapeLeft UIInterfaceOrientationLandscapeRight";
				INFOPLIST_KEY_UISupportedInterfaceOrientations_iPhone = "UIInterfaceOrientationPortrait UIInterfaceOrientationLandscapeLeft UIInterfaceOrientationLandscapeRight";
				LD_RUNPATH_SEARCH_PATHS = (
					"$(inherited)",
					"@executable_path/Frameworks",
				);
				MARKETING_VERSION = 1.0;
				PRODUCT_BUNDLE_IDENTIFIER = Vosik.TwitterClone;
				PRODUCT_NAME = "$(TARGET_NAME)";
				SWIFT_EMIT_LOC_STRINGS = YES;
				SWIFT_VERSION = 5.0;
				TARGETED_DEVICE_FAMILY = "1,2";
			};
			name = Release;
		};
/* End XCBuildConfiguration section */

/* Begin XCConfigurationList section */
		38094B8F2AD025950050F18D /* Build configuration list for PBXProject "TwitterClone" */ = {
			isa = XCConfigurationList;
			buildConfigurations = (
				38094BA62AD025970050F18D /* Debug */,
				38094BA72AD025970050F18D /* Release */,
			);
			defaultConfigurationIsVisible = 0;
			defaultConfigurationName = Release;
		};
		38094BA82AD025970050F18D /* Build configuration list for PBXNativeTarget "TwitterClone" */ = {
			isa = XCConfigurationList;
			buildConfigurations = (
				38094BA92AD025970050F18D /* Debug */,
				38094BAA2AD025970050F18D /* Release */,
			);
			defaultConfigurationIsVisible = 0;
			defaultConfigurationName = Release;
		};
/* End XCConfigurationList section */

/* Begin XCRemoteSwiftPackageReference section */
		3887CF0C2ADB49320087BBE3 /* XCRemoteSwiftPackageReference "firebase-ios-sdk" */ = {
			isa = XCRemoteSwiftPackageReference;
			repositoryURL = "https://github.com/firebase/firebase-ios-sdk";
			requirement = {
				kind = upToNextMinorVersion;
				minimumVersion = 10.16.0;
			};
		};
/* End XCRemoteSwiftPackageReference section */

/* Begin XCSwiftPackageProductDependency section */
		3887CF0D2ADB49320087BBE3 /* FirebaseAnalytics */ = {
			isa = XCSwiftPackageProductDependency;
			package = 3887CF0C2ADB49320087BBE3 /* XCRemoteSwiftPackageReference "firebase-ios-sdk" */;
			productName = FirebaseAnalytics;
		};
		3887CF0F2ADB49320087BBE3 /* FirebaseAnalyticsOnDeviceConversion */ = {
			isa = XCSwiftPackageProductDependency;
			package = 3887CF0C2ADB49320087BBE3 /* XCRemoteSwiftPackageReference "firebase-ios-sdk" */;
			productName = FirebaseAnalyticsOnDeviceConversion;
		};
		3887CF112ADB49320087BBE3 /* FirebaseAnalyticsSwift */ = {
			isa = XCSwiftPackageProductDependency;
			package = 3887CF0C2ADB49320087BBE3 /* XCRemoteSwiftPackageReference "firebase-ios-sdk" */;
			productName = FirebaseAnalyticsSwift;
		};
		3887CF132ADB49320087BBE3 /* FirebaseAnalyticsWithoutAdIdSupport */ = {
			isa = XCSwiftPackageProductDependency;
			package = 3887CF0C2ADB49320087BBE3 /* XCRemoteSwiftPackageReference "firebase-ios-sdk" */;
			productName = FirebaseAnalyticsWithoutAdIdSupport;
		};
		3887CF152ADB49320087BBE3 /* FirebaseAppCheck */ = {
			isa = XCSwiftPackageProductDependency;
			package = 3887CF0C2ADB49320087BBE3 /* XCRemoteSwiftPackageReference "firebase-ios-sdk" */;
			productName = FirebaseAppCheck;
		};
		3887CF172ADB49320087BBE3 /* FirebaseAppDistribution-Beta */ = {
			isa = XCSwiftPackageProductDependency;
			package = 3887CF0C2ADB49320087BBE3 /* XCRemoteSwiftPackageReference "firebase-ios-sdk" */;
			productName = "FirebaseAppDistribution-Beta";
		};
		3887CF192ADB49320087BBE3 /* FirebaseAuth */ = {
			isa = XCSwiftPackageProductDependency;
			package = 3887CF0C2ADB49320087BBE3 /* XCRemoteSwiftPackageReference "firebase-ios-sdk" */;
			productName = FirebaseAuth;
		};
		3887CF1B2ADB49320087BBE3 /* FirebaseAuthCombine-Community */ = {
			isa = XCSwiftPackageProductDependency;
			package = 3887CF0C2ADB49320087BBE3 /* XCRemoteSwiftPackageReference "firebase-ios-sdk" */;
			productName = "FirebaseAuthCombine-Community";
		};
		3887CF1D2ADB49320087BBE3 /* FirebaseCrashlytics */ = {
			isa = XCSwiftPackageProductDependency;
			package = 3887CF0C2ADB49320087BBE3 /* XCRemoteSwiftPackageReference "firebase-ios-sdk" */;
			productName = FirebaseCrashlytics;
		};
		3887CF1F2ADB49320087BBE3 /* FirebaseDatabase */ = {
			isa = XCSwiftPackageProductDependency;
			package = 3887CF0C2ADB49320087BBE3 /* XCRemoteSwiftPackageReference "firebase-ios-sdk" */;
			productName = FirebaseDatabase;
		};
		3887CF212ADB49320087BBE3 /* FirebaseDatabaseSwift */ = {
			isa = XCSwiftPackageProductDependency;
			package = 3887CF0C2ADB49320087BBE3 /* XCRemoteSwiftPackageReference "firebase-ios-sdk" */;
			productName = FirebaseDatabaseSwift;
		};
		3887CF232ADB49320087BBE3 /* FirebaseDynamicLinks */ = {
			isa = XCSwiftPackageProductDependency;
			package = 3887CF0C2ADB49320087BBE3 /* XCRemoteSwiftPackageReference "firebase-ios-sdk" */;
			productName = FirebaseDynamicLinks;
		};
		3887CF252ADB49320087BBE3 /* FirebaseFirestore */ = {
			isa = XCSwiftPackageProductDependency;
			package = 3887CF0C2ADB49320087BBE3 /* XCRemoteSwiftPackageReference "firebase-ios-sdk" */;
			productName = FirebaseFirestore;
		};
		3887CF272ADB49320087BBE3 /* FirebaseFirestoreCombine-Community */ = {
			isa = XCSwiftPackageProductDependency;
			package = 3887CF0C2ADB49320087BBE3 /* XCRemoteSwiftPackageReference "firebase-ios-sdk" */;
			productName = "FirebaseFirestoreCombine-Community";
		};
		3887CF292ADB49320087BBE3 /* FirebaseFirestoreSwift */ = {
			isa = XCSwiftPackageProductDependency;
			package = 3887CF0C2ADB49320087BBE3 /* XCRemoteSwiftPackageReference "firebase-ios-sdk" */;
			productName = FirebaseFirestoreSwift;
		};
		3887CF2B2ADB49320087BBE3 /* FirebaseFunctions */ = {
			isa = XCSwiftPackageProductDependency;
			package = 3887CF0C2ADB49320087BBE3 /* XCRemoteSwiftPackageReference "firebase-ios-sdk" */;
			productName = FirebaseFunctions;
		};
		3887CF2D2ADB49320087BBE3 /* FirebaseFunctionsCombine-Community */ = {
			isa = XCSwiftPackageProductDependency;
			package = 3887CF0C2ADB49320087BBE3 /* XCRemoteSwiftPackageReference "firebase-ios-sdk" */;
			productName = "FirebaseFunctionsCombine-Community";
		};
		3887CF2F2ADB49320087BBE3 /* FirebaseInAppMessaging-Beta */ = {
			isa = XCSwiftPackageProductDependency;
			package = 3887CF0C2ADB49320087BBE3 /* XCRemoteSwiftPackageReference "firebase-ios-sdk" */;
			productName = "FirebaseInAppMessaging-Beta";
		};
		3887CF312ADB49320087BBE3 /* FirebaseInAppMessagingSwift-Beta */ = {
			isa = XCSwiftPackageProductDependency;
			package = 3887CF0C2ADB49320087BBE3 /* XCRemoteSwiftPackageReference "firebase-ios-sdk" */;
			productName = "FirebaseInAppMessagingSwift-Beta";
		};
		3887CF332ADB49320087BBE3 /* FirebaseInstallations */ = {
			isa = XCSwiftPackageProductDependency;
			package = 3887CF0C2ADB49320087BBE3 /* XCRemoteSwiftPackageReference "firebase-ios-sdk" */;
			productName = FirebaseInstallations;
		};
		3887CF352ADB49320087BBE3 /* FirebaseMLModelDownloader */ = {
			isa = XCSwiftPackageProductDependency;
			package = 3887CF0C2ADB49320087BBE3 /* XCRemoteSwiftPackageReference "firebase-ios-sdk" */;
			productName = FirebaseMLModelDownloader;
		};
		3887CF372ADB49320087BBE3 /* FirebaseMessaging */ = {
			isa = XCSwiftPackageProductDependency;
			package = 3887CF0C2ADB49320087BBE3 /* XCRemoteSwiftPackageReference "firebase-ios-sdk" */;
			productName = FirebaseMessaging;
		};
		3887CF392ADB49320087BBE3 /* FirebasePerformance */ = {
			isa = XCSwiftPackageProductDependency;
			package = 3887CF0C2ADB49320087BBE3 /* XCRemoteSwiftPackageReference "firebase-ios-sdk" */;
			productName = FirebasePerformance;
		};
		3887CF3B2ADB49320087BBE3 /* FirebaseRemoteConfig */ = {
			isa = XCSwiftPackageProductDependency;
			package = 3887CF0C2ADB49320087BBE3 /* XCRemoteSwiftPackageReference "firebase-ios-sdk" */;
			productName = FirebaseRemoteConfig;
		};
		3887CF3D2ADB49320087BBE3 /* FirebaseRemoteConfigSwift */ = {
			isa = XCSwiftPackageProductDependency;
			package = 3887CF0C2ADB49320087BBE3 /* XCRemoteSwiftPackageReference "firebase-ios-sdk" */;
			productName = FirebaseRemoteConfigSwift;
		};
		3887CF3F2ADB49320087BBE3 /* FirebaseStorage */ = {
			isa = XCSwiftPackageProductDependency;
			package = 3887CF0C2ADB49320087BBE3 /* XCRemoteSwiftPackageReference "firebase-ios-sdk" */;
			productName = FirebaseStorage;
		};
		3887CF412ADB49320087BBE3 /* FirebaseStorageCombine-Community */ = {
			isa = XCSwiftPackageProductDependency;
			package = 3887CF0C2ADB49320087BBE3 /* XCRemoteSwiftPackageReference "firebase-ios-sdk" */;
			productName = "FirebaseStorageCombine-Community";
		};
/* End XCSwiftPackageProductDependency section */
	};
	rootObject = 38094B8C2AD025950050F18D /* Project object */;
}
